
Microsoft Visual Studio Solution File, Format Version 12.00
# Visual Studio Version 17
VisualStudioVersion = 17.10.35122.118
MinimumVisualStudioVersion = 10.0.40219.1
Project("{FAE04EC0-301F-11D3-BF4B-00C04F79EFBC}") = "FinalChallengeAssignment", "FinalChallengeAssignment\FinalChallengeAssignment.csproj", "{20CD71AB-3C5B-4BFA-B6F8-C990A7CDEA94}"
EndProject
Global
	GlobalSection(SolutionConfigurationPlatforms) = preSolution
		Debug|Any CPU = Debug|Any CPU
		Release|Any CPU = Release|Any CPU
	EndGlobalSection
	GlobalSection(ProjectConfigurationPlatforms) = postSolution
		{20CD71AB-3C5B-4BFA-B6F8-C990A7CDEA94}.Debug|Any CPU.ActiveCfg = Debug|Any CPU
		{20CD71AB-3C5B-4BFA-B6F8-C990A7CDEA94}.Debug|Any CPU.Build.0 = Debug|Any CPU
		{20CD71AB-3C5B-4BFA-B6F8-C990A7CDEA94}.Release|Any CPU.ActiveCfg = Release|Any CPU
		{20CD71AB-3C5B-4BFA-B6F8-C990A7CDEA94}.Release|Any CPU.Build.0 = Release|Any CPU
	EndGlobalSection
	GlobalSection(SolutionProperties) = preSolution
		HideSolutionNode = FALSE
	EndGlobalSection
	GlobalSection(ExtensibilityGlobals) = postSolution
		SolutionGuid = {FE430821-A363-4045-B2E4-E5FE8F970803}
	EndGlobalSection
EndGlobal
