
Microsoft Visual Studio Solution File, Format Version 12.00
# Visual Studio Version 17
VisualStudioVersion = 17.10.35122.118
MinimumVisualStudioVersion = 10.0.40219.1
Project("{FAE04EC0-301F-11D3-BF4B-00C04F79EFBC}") = "ConstructorAssignment", "ConstructorAssignment\ConstructorAssignment.csproj", "{D7B839F5-DE62-402C-8233-0A42951AAE0C}"
EndProject
Global
	GlobalSection(SolutionConfigurationPlatforms) = preSolution
		Debug|Any CPU = Debug|Any CPU
		Release|Any CPU = Release|Any CPU
	EndGlobalSection
	GlobalSection(ProjectConfigurationPlatforms) = postSolution
		{D7B839F5-DE62-402C-8233-0A42951AAE0C}.Debug|Any CPU.ActiveCfg = Debug|Any CPU
		{D7B839F5-DE62-402C-8233-0A42951AAE0C}.Debug|Any CPU.Build.0 = Debug|Any CPU
		{D7B839F5-DE62-402C-8233-0A42951AAE0C}.Release|Any CPU.ActiveCfg = Release|Any CPU
		{D7B839F5-DE62-402C-8233-0A42951AAE0C}.Release|Any CPU.Build.0 = Release|Any CPU
	EndGlobalSection
	GlobalSection(SolutionProperties) = preSolution
		HideSolutionNode = FALSE
	EndGlobalSection
	GlobalSection(ExtensibilityGlobals) = postSolution
		SolutionGuid = {B25E4E0D-4CB7-4625-A974-8100D03A826E}
	EndGlobalSection
EndGlobal
