
Microsoft Visual Studio Solution File, Format Version 12.00
# Visual Studio Version 17
VisualStudioVersion = 17.10.35122.118
MinimumVisualStudioVersion = 10.0.40219.1
Project("{FAE04EC0-301F-11D3-BF4B-00C04F79EFBC}") = "NewsLetterAppMVC", "NewsLetterAppMVC\NewsLetterAppMVC.csproj", "{B26D794B-4763-41AE-879D-3DB0800ED4F8}"
EndProject
Global
	GlobalSection(SolutionConfigurationPlatforms) = preSolution
		Debug|Any CPU = Debug|Any CPU
		Release|Any CPU = Release|Any CPU
	EndGlobalSection
	GlobalSection(ProjectConfigurationPlatforms) = postSolution
		{B26D794B-4763-41AE-879D-3DB0800ED4F8}.Debug|Any CPU.ActiveCfg = Debug|Any CPU
		{B26D794B-4763-41AE-879D-3DB0800ED4F8}.Debug|Any CPU.Build.0 = Debug|Any CPU
		{B26D794B-4763-41AE-879D-3DB0800ED4F8}.Release|Any CPU.ActiveCfg = Release|Any CPU
		{B26D794B-4763-41AE-879D-3DB0800ED4F8}.Release|Any CPU.Build.0 = Release|Any CPU
	EndGlobalSection
	GlobalSection(SolutionProperties) = preSolution
		HideSolutionNode = FALSE
	EndGlobalSection
	GlobalSection(ExtensibilityGlobals) = postSolution
		SolutionGuid = {4314EFA1-85D2-45B9-A0CE-47ABDAE1D0DC}
	EndGlobalSection
EndGlobal
