
Microsoft Visual Studio Solution File, Format Version 12.00
# Visual Studio Version 17
VisualStudioVersion = 17.10.35122.118
MinimumVisualStudioVersion = 10.0.40219.1
Project("{FAE04EC0-301F-11D3-BF4B-00C04F79EFBC}") = "CallingMethodsAssignment", "CallingMethodsAssignment\CallingMethodsAssignment.csproj", "{28DD5407-797A-4D69-9DC9-3214F3F034EC}"
EndProject
Global
	GlobalSection(SolutionConfigurationPlatforms) = preSolution
		Debug|Any CPU = Debug|Any CPU
		Release|Any CPU = Release|Any CPU
	EndGlobalSection
	GlobalSection(ProjectConfigurationPlatforms) = postSolution
		{28DD5407-797A-4D69-9DC9-3214F3F034EC}.Debug|Any CPU.ActiveCfg = Debug|Any CPU
		{28DD5407-797A-4D69-9DC9-3214F3F034EC}.Debug|Any CPU.Build.0 = Debug|Any CPU
		{28DD5407-797A-4D69-9DC9-3214F3F034EC}.Release|Any CPU.ActiveCfg = Release|Any CPU
		{28DD5407-797A-4D69-9DC9-3214F3F034EC}.Release|Any CPU.Build.0 = Release|Any CPU
	EndGlobalSection
	GlobalSection(SolutionProperties) = preSolution
		HideSolutionNode = FALSE
	EndGlobalSection
	GlobalSection(ExtensibilityGlobals) = postSolution
		SolutionGuid = {EAC5BA14-5C6E-4FB2-8817-E080F5712DFD}
	EndGlobalSection
EndGlobal
